{
    "_readme": [
        "This file locks the dependencies of your project to a known state",
        "Read more about it at https://getcomposer.org/doc/01-basic-usage.md#installing-dependencies",
        "This file is @generated automatically"
    ],
    "content-hash": "04fb9d9f1b19fbe91078add6b3f0c4e8",
    "packages": [
        {
            "name": "motivar/wp-self-test",
            "version": "v0.2.0",
            "source": {
                "type": "git",
                "url": "https://gitlab.motivar.io/tools/wp-selft-test.git",
                "reference": "868a6612175203f55769b25088a8d8618f54e6fe"
            },
            "require": {
                "php": ">=7.4"
            },
            "bin": [
                "bin/run.php",
                "bin/install-hooks"
            ],
            "type": "library",
            "autoload": {
                "files": [
                    "bootstrap.php"
                ]
            },
            "autoload-dev": {
                "psr-4": {
                    "Motivar\\SelfTest\\": "src/"
                }
            },
            "license": [
                "GPL-2.0-or-later"
            ],
            "authors": [
                {
                    "name": "Motivar",
                    "email": "info@motivar.io"
                }
            ],
            "description": "Manifest-driven self-test suite for WordPress plugins: register a manifest of cases from your plugin folder and run them from wp-admin, WP-CLI, the Abilities API, a pre-push hook and CI.",
            "homepage": "https://gitlab.motivar.io/tools/wp-selft-test",
            "time": "2026-09-14T07:20:41+00:00"
        }
    ],
    "packages-dev": [],
    "aliases": [],
    "minimum-stability": "stable",
    "stability-flags": {},
    "prefer-stable": false,
    "prefer-lowest": false,
    "platform": {},
    "platform-dev": {},
    "plugin-api-version": "2.9.0"
}
